// !$*UTF8*$!
{
	archiveVersion = 1;
	classes = {
	};
	objectVersion = 46;
	objects = {

/* Begin PBXBuildFile section */
		C66C1BBA19D0471E00847669 /* AppDelegate.swift in Sources */ = {isa = PBXBuildFile; fileRef = C66C1BB919D0471E00847669 /* AppDelegate.swift */; };
		C66C1BBC19D0471E00847669 /* ViewController.swift in Sources */ = {isa = PBXBuildFile; fileRef = C66C1BBB19D0471E00847669 /* ViewController.swift */; };
		C66C1BBF19D0471E00847669 /* Main.storyboard in Resources */ = {isa = PBXBuildFile; fileRef = C66C1BBD19D0471E00847669 /* Main.storyboard */; };
		C66C1BC119D0471E00847669 /* Images.xcassets in Resources */ = {isa = PBXBuildFile; fileRef = C66C1BC019D0471E00847669 /* Images.xcassets */; };
		C66C1BC419D0471E00847669 /* LaunchScreen.xib in Resources */ = {isa = PBXBuildFile; fileRef = C66C1BC219D0471E00847669 /* LaunchScreen.xib */; };
		C66C1BD019D0471E00847669 /* myFirstVideoEditTests.swift in Sources */ = {isa = PBXBuildFile; fileRef = C66C1BCF19D0471E00847669 /* myFirstVideoEditTests.swift */; };
/* End PBXBuildFile section */

/* Begin PBXContainerItemProxy section */
		C66C1BCA19D0471E00847669 /* PBXContainerItemProxy */ = {
			isa = PBXContainerItemProxy;
			containerPortal = C66C1BAC19D0471E00847669 /* Project object */;
			proxyType = 1;
			remoteGlobalIDString = C66C1BB319D0471E00847669;
			remoteInfo = myFirstVideoEdit;
		};
/* End PBXContainerItemProxy section */

/* Begin PBXFileReference section */
		C66C1BB419D0471E00847669 /* myFirstVideoEdit.app */ = {isa = PBXFileReference; explicitFileType = wrapper.application; includeInIndex = 0; path = myFirstVideoEdit.app; sourceTree = BUILT_PRODUCTS_DIR; };
		C66C1BB819D0471E00847669 /* Info.plist */ = {isa = PBXFileReference; lastKnownFileType = text.plist.xml; path = Info.plist; sourceTree = "<group>"; };
		C66C1BB919D0471E00847669 /* AppDelegate.swift */ = {isa = PBXFileReference; lastKnownFileType = sourcecode.swift; path = AppDelegate.swift; sourceTree = "<group>"; };
		C66C1BBB19D0471E00847669 /* ViewController.swift */ = {isa = PBXFileReference; lastKnownFileType = sourcecode.swift; path = ViewController.swift; sourceTree = "<group>"; };
		C66C1BBE19D0471E00847669 /* Base */ = {isa = PBXFileReference; lastKnownFileType = file.storyboard; name = Base; path = Base.lproj/Main.storyboard; sourceTree = "<group>"; };
		C66C1BC019D0471E00847669 /* Images.xcassets */ = {isa = PBXFileReference; lastKnownFileType = folder.assetcatalog; path = Images.xcassets; sourceTree = "<group>"; };
		C66C1BC319D0471E00847669 /* Base */ = {isa = PBXFileReference; lastKnownFileType = file.xib; name = Base; path = Base.lproj/LaunchScreen.xib; sourceTree = "<group>"; };
		C66C1BC919D0471E00847669 /* myFirstVideoEditTests.xctest */ = {isa = PBXFileReference; explicitFileType = wrapper.cfbundle; includeInIndex = 0; path = myFirstVideoEditTests.xctest; sourceTree = BUILT_PRODUCTS_DIR; };
		C66C1BCE19D0471E00847669 /* Info.plist */ = {isa = PBXFileReference; lastKnownFileType = text.plist.xml; path = Info.plist; sourceTree = "<group>"; };
		C66C1BCF19D0471E00847669 /* myFirstVideoEditTests.swift */ = {isa = PBXFileReference; lastKnownFileType = sourcecode.swift; path = myFirstVideoEditTests.swift; sourceTree = "<group>"; };
/* End PBXFileReference section */

/* Begin PBXFrameworksBuildPhase section */
		C66C1BB119D0471E00847669 /* Frameworks */ = {
			isa = PBXFrameworksBuildPhase;
			buildActionMask = 2147483647;
			files = (
			);
			runOnlyForDeploymentPostprocessing = 0;
		};
		C66C1BC619D0471E00847669 /* Frameworks */ = {
			isa = PBXFrameworksBuildPhase;
			buildActionMask = 2147483647;
			files = (
			);
			runOnlyForDeploymentPostprocessing = 0;
		};
/* End PBXFrameworksBuildPhase section */

/* Begin PBXGroup section */
		C66C1BAB19D0471E00847669 = {
			isa = PBXGroup;
			children = (
				C66C1BB619D0471E00847669 /* myFirstVideoEdit */,
				C66C1BCC19D0471E00847669 /* myFirstVideoEditTests */,
				C66C1BB519D0471E00847669 /* Products */,
			);
			sourceTree = "<group>";
		};
		C66C1BB519D0471E00847669 /* Products */ = {
			isa = PBXGroup;
			children = (
				C66C1BB419D0471E00847669 /* myFirstVideoEdit.app */,
				C66C1BC919D0471E00847669 /* myFirstVideoEditTests.xctest */,
			);
			name = Products;
			sourceTree = "<group>";
		};
		C66C1BB619D0471E00847669 /* myFirstVideoEdit */ = {
			isa = PBXGroup;
			children = (
				C66C1BB919D0471E00847669 /* AppDelegate.swift */,
				C66C1BBB19D0471E00847669 /* ViewController.swift */,
				C66C1BBD19D0471E00847669 /* Main.storyboard */,
				C66C1BC019D0471E00847669 /* Images.xcassets */,
				C66C1BC219D0471E00847669 /* LaunchScreen.xib */,
				C66C1BB719D0471E00847669 /* Supporting Files */,
			);
			path = myFirstVideoEdit;
			sourceTree = "<group>";
		};
		C66C1BB719D0471E00847669 /* Supporting Files */ = {
			isa = PBXGroup;
			children = (
				C66C1BB819D0471E00847669 /* Info.plist */,
			);
			name = "Supporting Files";
			sourceTree = "<group>";
		};
		C66C1BCC19D0471E00847669 /* myFirstVideoEditTests */ = {
			isa = PBXGroup;
			children = (
				C66C1BCF19D0471E00847669 /* myFirstVideoEditTests.swift */,
				C66C1BCD19D0471E00847669 /* Supporting Files */,
			);
			path = myFirstVideoEditTests;
			sourceTree = "<group>";
		};
		C66C1BCD19D0471E00847669 /* Supporting Files */ = {
			isa = PBXGroup;
			children = (
				C66C1BCE19D0471E00847669 /* Info.plist */,
			);
			name = "Supporting Files";
			sourceTree = "<group>";
		};
/* End PBXGroup section */

/* Begin PBXNativeTarget section */
		C66C1BB319D0471E00847669 /* myFirstVideoEdit */ = {
			isa = PBXNativeTarget;
			buildConfigurationList = C66C1BD319D0471E00847669 /* Build configuration list for PBXNativeTarget "myFirstVideoEdit" */;
			buildPhases = (
				C66C1BB019D0471E00847669 /* Sources */,
				C66C1BB119D0471E00847669 /* Frameworks */,
				C66C1BB219D0471E00847669 /* Resources */,
			);
			buildRules = (
			);
			dependencies = (
			);
			name = myFirstVideoEdit;
			productName = myFirstVideoEdit;
			productReference = C66C1BB419D0471E00847669 /* myFirstVideoEdit.app */;
			productType = "com.apple.product-type.application";
		};
		C66C1BC819D0471E00847669 /* myFirstVideoEditTests */ = {
			isa = PBXNativeTarget;
			buildConfigurationList = C66C1BD619D0471E00847669 /* Build configuration list for PBXNativeTarget "myFirstVideoEditTests" */;
			buildPhases = (
				C66C1BC519D0471E00847669 /* Sources */,
				C66C1BC619D0471E00847669 /* Frameworks */,
				C66C1BC719D0471E00847669 /* Resources */,
			);
			buildRules = (
			);
			dependencies = (
				C66C1BCB19D0471E00847669 /* PBXTargetDependency */,
			);
			name = myFirstVideoEditTests;
			productName = myFirstVideoEditTests;
			productReference = C66C1BC919D0471E00847669 /* myFirstVideoEditTests.xctest */;
			productType = "com.apple.product-type.bundle.unit-test";
		};
/* End PBXNativeTarget section */

/* Begin PBXProject section */
		C66C1BAC19D0471E00847669 /* Project object */ = {
			isa = PBXProject;
			attributes = {
				LastUpgradeCheck = 0600;
				ORGANIZATIONNAME = "Guido Grassel";
				TargetAttributes = {
					C66C1BB319D0471E00847669 = {
						CreatedOnToolsVersion = 6.0;
					};
					C66C1BC819D0471E00847669 = {
						CreatedOnToolsVersion = 6.0;
						TestTargetID = C66C1BB319D0471E00847669;
					};
				};
			};
			buildConfigurationList = C66C1BAF19D0471E00847669 /* Build configuration list for PBXProject "myFirstVideoEdit" */;
			compatibilityVersion = "Xcode 3.2";
			developmentRegion = English;
			hasScannedForEncodings = 0;
			knownRegions = (
				en,
				Base,
			);
			mainGroup = C66C1BAB19D0471E00847669;
			productRefGroup = C66C1BB519D0471E00847669 /* Products */;
			projectDirPath = "";
			projectRoot = "";
			targets = (
				C66C1BB319D0471E00847669 /* myFirstVideoEdit */,
				C66C1BC819D0471E00847669 /* myFirstVideoEditTests */,
			);
		};
/* End PBXProject section */

/* Begin PBXResourcesBuildPhase section */
		C66C1BB219D0471E00847669 /* Resources */ = {
			isa = PBXResourcesBuildPhase;
			buildActionMask = 2147483647;
			files = (
				C66C1BBF19D0471E00847669 /* Main.storyboard in Resources */,
				C66C1BC419D0471E00847669 /* LaunchScreen.xib in Resources */,
				C66C1BC119D0471E00847669 /* Images.xcassets in Resources */,
			);
			runOnlyForDeploymentPostprocessing = 0;
		};
		C66C1BC719D0471E00847669 /* Resources */ = {
			isa = PBXResourcesBuildPhase;
			buildActionMask = 2147483647;
			files = (
			);
			runOnlyForDeploymentPostprocessing = 0;
		};
/* End PBXResourcesBuildPhase section */

/* Begin PBXSourcesBuildPhase section */
		C66C1BB019D0471E00847669 /* Sources */ = {
			isa = PBXSourcesBuildPhase;
			buildActionMask = 2147483647;
			files = (
				C66C1BBC19D0471E00847669 /* ViewController.swift in Sources */,
				C66C1BBA19D0471E00847669 /* AppDelegate.swift in Sources */,
			);
			runOnlyForDeploymentPostprocessing = 0;
		};
		C66C1BC519D0471E00847669 /* Sources */ = {
			isa = PBXSourcesBuildPhase;
			buildActionMask = 2147483647;
			files = (
				C66C1BD019D0471E00847669 /* myFirstVideoEditTests.swift in Sources */,
			);
			runOnlyForDeploymentPostprocessing = 0;
		};
/* End PBXSourcesBuildPhase section */

/* Begin PBXTargetDependency section */
		C66C1BCB19D0471E00847669 /* PBXTargetDependency */ = {
			isa = PBXTargetDependency;
			target = C66C1BB319D0471E00847669 /* myFirstVideoEdit */;
			targetProxy = C66C1BCA19D0471E00847669 /* PBXContainerItemProxy */;
		};
/* End PBXTargetDependency section */

/* Begin PBXVariantGroup section */
		C66C1BBD19D0471E00847669 /* Main.storyboard */ = {
			isa = PBXVariantGroup;
			children = (
				C66C1BBE19D0471E00847669 /* Base */,
			);
			name = Main.storyboard;
			sourceTree = "<group>";
		};
		C66C1BC219D0471E00847669 /* LaunchScreen.xib */ = {
			isa = PBXVariantGroup;
			children = (
				C66C1BC319D0471E00847669 /* Base */,
			);
			name = LaunchScreen.xib;
			sourceTree = "<group>";
		};
/* End PBXVariantGroup section */

/* Begin XCBuildConfiguration section */
		C66C1BD119D0471E00847669 /* Debug */ = {
			isa = XCBuildConfiguration;
			buildSettings = {
				ALWAYS_SEARCH_USER_PATHS = NO;
				CLANG_CXX_LANGUAGE_STANDARD = "gnu++0x";
				CLANG_CXX_LIBRARY = "libc++";
				CLANG_ENABLE_MODULES = YES;
				CLANG_ENABLE_OBJC_ARC = YES;
				CLANG_WARN_BOOL_CONVERSION = YES;
				CLANG_WARN_CONSTANT_CONVERSION = YES;
				CLANG_WARN_DIRECT_OBJC_ISA_USAGE = YES_ERROR;
				CLANG_WARN_EMPTY_BODY = YES;
				CLANG_WARN_ENUM_CONVERSION = YES;
				CLANG_WARN_INT_CONVERSION = YES;
				CLANG_WARN_OBJC_ROOT_CLASS = YES_ERROR;
				CLANG_WARN_UNREACHABLE_CODE = YES;
				CLANG_WARN__DUPLICATE_METHOD_MATCH = YES;
				"CODE_SIGN_IDENTITY[sdk=iphoneos*]" = "iPhone Developer";
				COPY_PHASE_STRIP = NO;
				ENABLE_STRICT_OBJC_MSGSEND = YES;
				GCC_C_LANGUAGE_STANDARD = gnu99;
				GCC_DYNAMIC_NO_PIC = NO;
				GCC_OPTIMIZATION_LEVEL = 0;
				GCC_PREPROCESSOR_DEFINITIONS = (
					"DEBUG=1",
					"$(inherited)",
				);
				GCC_SYMBOLS_PRIVATE_EXTERN = NO;
				GCC_WARN_64_TO_32_BIT_CONVERSION = YES;
				GCC_WARN_ABOUT_RETURN_TYPE = YES_ERROR;
				GCC_WARN_UNDECLARED_SELECTOR = YES;
				GCC_WARN_UNINITIALIZED_AUTOS = YES_AGGRESSIVE;
				GCC_WARN_UNUSED_FUNCTION = YES;
				GCC_WARN_UNUSED_VARIABLE = YES;
				IPHONEOS_DEPLOYMENT_TARGET = 8.0;
				MTL_ENABLE_DEBUG_INFO = YES;
				ONLY_ACTIVE_ARCH = YES;
				SDKROOT = iphoneos;
				SWIFT_OPTIMIZATION_LEVEL = "-Onone";
				TARGETED_DEVICE_FAMILY = "1,2";
			};
			name = Debug;
		};
		C66C1BD219D0471E00847669 /* Release */ = {
			isa = XCBuildConfiguration;
			buildSettings = {
				ALWAYS_SEARCH_USER_PATHS = NO;
				CLANG_CXX_LANGUAGE_STANDARD = "gnu++0x";
				CLANG_CXX_LIBRARY = "libc++";
				CLANG_ENABLE_MODULES = YES;
				CLANG_ENABLE_OBJC_ARC = YES;
				CLANG_WARN_BOOL_CONVERSION = YES;
				CLANG_WARN_CONSTANT_CONVERSION = YES;
				CLANG_WARN_DIRECT_OBJC_ISA_USAGE = YES_ERROR;
				CLANG_WARN_EMPTY_BODY = YES;
				CLANG_WARN_ENUM_CONVERSION = YES;
				CLANG_WARN_INT_CONVERSION = YES;
				CLANG_WARN_OBJC_ROOT_CLASS = YES_ERROR;
				CLANG_WARN_UNREACHABLE_CODE = YES;
				CLANG_WARN__DUPLICATE_METHOD_MATCH = YES;
				"CODE_SIGN_IDENTITY[sdk=iphoneos*]" = "iPhone Developer";
				COPY_PHASE_STRIP = YES;
				ENABLE_NS_ASSERTIONS = NO;
				ENABLE_STRICT_OBJC_MSGSEND = YES;
				GCC_C_LANGUAGE_STANDARD = gnu99;
				GCC_WARN_64_TO_32_BIT_CONVERSION = YES;
				GCC_WARN_ABOUT_RETURN_TYPE = YES_ERROR;
				GCC_WARN_UNDECLARED_SELECTOR = YES;
				GCC_WARN_UNINITIALIZED_AUTOS = YES_AGGRESSIVE;
				GCC_WARN_UNUSED_FUNCTION = YES;
				GCC_WARN_UNUSED_VARIABLE = YES;
				IPHONEOS_DEPLOYMENT_TARGET = 8.0;
				MTL_ENABLE_DEBUG_INFO = NO;
				SDKROOT = iphoneos;
				TARGETED_DEVICE_FAMILY = "1,2";
				VALIDATE_PRODUCT = YES;
			};
			name = Release;
		};
		C66C1BD419D0471E00847669 /* Debug */ = {
			isa = XCBuildConfiguration;
			buildSettings = {
				ASSETCATALOG_COMPILER_APPICON_NAME = AppIcon;
				INFOPLIST_FILE = myFirstVideoEdit/Info.plist;
				LD_RUNPATH_SEARCH_PATHS = "$(inherited) @executable_path/Frameworks";
				PRODUCT_NAME = "$(TARGET_NAME)";
			};
			name = Debug;
		};
		C66C1BD519D0471E00847669 /* Release */ = {
			isa = XCBuildConfiguration;
			buildSettings = {
				ASSETCATALOG_COMPILER_APPICON_NAME = AppIcon;
				INFOPLIST_FILE = myFirstVideoEdit/Info.plist;
				LD_RUNPATH_SEARCH_PATHS = "$(inherited) @executable_path/Frameworks";
				PRODUCT_NAME = "$(TARGET_NAME)";
			};
			name = Release;
		};
		C66C1BD719D0471E00847669 /* Debug */ = {
			isa = XCBuildConfiguration;
			buildSettings = {
				BUNDLE_LOADER = "$(TEST_HOST)";
				FRAMEWORK_SEARCH_PATHS = (
					"$(SDKROOT)/Developer/Library/Frameworks",
					"$(inherited)",
				);
				GCC_PREPROCESSOR_DEFINITIONS = (
					"DEBUG=1",
					"$(inherited)",
				);
				INFOPLIST_FILE = myFirstVideoEditTests/Info.plist;
				LD_RUNPATH_SEARCH_PATHS = "$(inherited) @executable_path/Frameworks @loader_path/Frameworks";
				PRODUCT_NAME = "$(TARGET_NAME)";
				TEST_HOST = "$(BUILT_PRODUCTS_DIR)/myFirstVideoEdit.app/myFirstVideoEdit";
			};
			name = Debug;
		};
		C66C1BD819D0471E00847669 /* Release */ = {
			isa = XCBuildConfiguration;
			buildSettings = {
				BUNDLE_LOADER = "$(TEST_HOST)";
				FRAMEWORK_SEARCH_PATHS = (
					"$(SDKROOT)/Developer/Library/Frameworks",
					"$(inherited)",
				);
				INFOPLIST_FILE = myFirstVideoEditTests/Info.plist;
				LD_RUNPATH_SEARCH_PATHS = "$(inherited) @executable_path/Frameworks @loader_path/Frameworks";
				PRODUCT_NAME = "$(TARGET_NAME)";
				TEST_HOST = "$(BUILT_PRODUCTS_DIR)/myFirstVideoEdit.app/myFirstVideoEdit";
			};
			name = Release;
		};
/* End XCBuildConfiguration section */

/* Begin XCConfigurationList section */
		C66C1BAF19D0471E00847669 /* Build configuration list for PBXProject "myFirstVideoEdit" */ = {
			isa = XCConfigurationList;
			buildConfigurations = (
				C66C1BD119D0471E00847669 /* Debug */,
				C66C1BD219D0471E00847669 /* Release */,
			);
			defaultConfigurationIsVisible = 0;
			defaultConfigurationName = Release;
		};
		C66C1BD319D0471E00847669 /* Build configuration list for PBXNativeTarget "myFirstVideoEdit" */ = {
			isa = XCConfigurationList;
			buildConfigurations = (
				C66C1BD419D0471E00847669 /* Debug */,
				C66C1BD519D0471E00847669 /* Release */,
			);
			defaultConfigurationIsVisible = 0;
		};
		C66C1BD619D0471E00847669 /* Build configuration list for PBXNativeTarget "myFirstVideoEditTests" */ = {
			isa = XCConfigurationList;
			buildConfigurations = (
				C66C1BD719D0471E00847669 /* Debug */,
				C66C1BD819D0471E00847669 /* Release */,
			);
			defaultConfigurationIsVisible = 0;
		};
/* End XCConfigurationList section */
	};
	rootObject = C66C1BAC19D0471E00847669 /* Project object */;
}
