// !$*UTF8*$!
{
	archiveVersion = 1;
	classes = {
	};
	objectVersion = 46;
	objects = {

/* Begin PBXBuildFile section */
		C51292E419D7319C00C65FCB /* CameraRollTableViewController.swift in Sources */ = {isa = PBXBuildFile; fileRef = C51292E319D7319C00C65FCB /* CameraRollTableViewController.swift */; };
		C51292E819D73AB800C65FCB /* CameraRollModel.swift in Sources */ = {isa = PBXBuildFile; fileRef = C51292E719D73AB800C65FCB /* CameraRollModel.swift */; };
		C51292EA19D73AED00C65FCB /* Photos.framework in Frameworks */ = {isa = PBXBuildFile; fileRef = C51292E919D73AED00C65FCB /* Photos.framework */; };
		C585C32C19D089D500DEF038 /* CoreMedia.framework in Frameworks */ = {isa = PBXBuildFile; fileRef = C585C32B19D089D500DEF038 /* CoreMedia.framework */; };
		C59D36E019D7FB1400545F0B /* CameraRollModel.swift in Sources */ = {isa = PBXBuildFile; fileRef = C51292E719D73AB800C65FCB /* CameraRollModel.swift */; };
		C5AB95CF19D82962001291E3 /* CameraRollTableViewController.swift in Sources */ = {isa = PBXBuildFile; fileRef = C51292E319D7319C00C65FCB /* CameraRollTableViewController.swift */; };
		C5AB95D119D83397001291E3 /* CameraRollModelDelegate.swift in Sources */ = {isa = PBXBuildFile; fileRef = C5AB95D019D83397001291E3 /* CameraRollModelDelegate.swift */; };
		C5AB95D219D83397001291E3 /* CameraRollModelDelegate.swift in Sources */ = {isa = PBXBuildFile; fileRef = C5AB95D019D83397001291E3 /* CameraRollModelDelegate.swift */; };
		C601B6CD19D301FA001BF575 /* MovieExporter.swift in Sources */ = {isa = PBXBuildFile; fileRef = C601B6CC19D301FA001BF575 /* MovieExporter.swift */; };
		C66C1BBA19D0471E00847669 /* AppDelegate.swift in Sources */ = {isa = PBXBuildFile; fileRef = C66C1BB919D0471E00847669 /* AppDelegate.swift */; };
		C66C1BBC19D0471E00847669 /* MainScreenViewController.swift in Sources */ = {isa = PBXBuildFile; fileRef = C66C1BBB19D0471E00847669 /* MainScreenViewController.swift */; };
		C66C1BBF19D0471E00847669 /* Main.storyboard in Resources */ = {isa = PBXBuildFile; fileRef = C66C1BBD19D0471E00847669 /* Main.storyboard */; };
		C66C1BC119D0471E00847669 /* Images.xcassets in Resources */ = {isa = PBXBuildFile; fileRef = C66C1BC019D0471E00847669 /* Images.xcassets */; };
		C66C1BC419D0471E00847669 /* LaunchScreen.xib in Resources */ = {isa = PBXBuildFile; fileRef = C66C1BC219D0471E00847669 /* LaunchScreen.xib */; };
		C66C1BD019D0471E00847669 /* myFirstVideoEditTests.swift in Sources */ = {isa = PBXBuildFile; fileRef = C66C1BCF19D0471E00847669 /* myFirstVideoEditTests.swift */; };
		C66C1BDA19D049F600847669 /* AVFoundation.framework in Frameworks */ = {isa = PBXBuildFile; fileRef = C66C1BD919D049F600847669 /* AVFoundation.framework */; };
		C66C1BDC19D04A1300847669 /* UIKit.framework in Frameworks */ = {isa = PBXBuildFile; fileRef = C66C1BDB19D04A1300847669 /* UIKit.framework */; };
		C679D02D19D47523002E8E08 /* APLCustomVideoCompositionInstruction.m in Sources */ = {isa = PBXBuildFile; fileRef = C679D02A19D47523002E8E08 /* APLCustomVideoCompositionInstruction.m */; };
		C679D02E19D47523002E8E08 /* APLCustomVideoCompositor.m in Sources */ = {isa = PBXBuildFile; fileRef = C679D02C19D47523002E8E08 /* APLCustomVideoCompositor.m */; };
		C679D03619D4755B002E8E08 /* APLOpenGLRenderer.m in Sources */ = {isa = PBXBuildFile; fileRef = C679D03119D4755B002E8E08 /* APLOpenGLRenderer.m */; };
		C679D03719D4755B002E8E08 /* APLDiagonalWipeRenderer.m in Sources */ = {isa = PBXBuildFile; fileRef = C679D03319D4755B002E8E08 /* APLDiagonalWipeRenderer.m */; };
		C679D03819D4755B002E8E08 /* APLCrossDissolveRenderer.m in Sources */ = {isa = PBXBuildFile; fileRef = C679D03519D4755B002E8E08 /* APLCrossDissolveRenderer.m */; };
		C679D03A19D475A9002E8E08 /* OpenGLES.framework in Frameworks */ = {isa = PBXBuildFile; fileRef = C679D03919D475A9002E8E08 /* OpenGLES.framework */; };
		C679D03C19D475DD002E8E08 /* MobileCoreServices.framework in Frameworks */ = {isa = PBXBuildFile; fileRef = C679D03B19D475DD002E8E08 /* MobileCoreServices.framework */; };
		C679D03E19D475E5002E8E08 /* AssetsLibrary.framework in Frameworks */ = {isa = PBXBuildFile; fileRef = C679D03D19D475E5002E8E08 /* AssetsLibrary.framework */; };
		C679D04019D475F2002E8E08 /* QuartzCore.framework in Frameworks */ = {isa = PBXBuildFile; fileRef = C679D03F19D475F2002E8E08 /* QuartzCore.framework */; };
		C679D04219D475FB002E8E08 /* CoreVideo.framework in Frameworks */ = {isa = PBXBuildFile; fileRef = C679D04119D475FB002E8E08 /* CoreVideo.framework */; };
		C679D04419D47607002E8E08 /* CoreGraphics.framework in Frameworks */ = {isa = PBXBuildFile; fileRef = C679D04319D47607002E8E08 /* CoreGraphics.framework */; };
		C679D04619D47619002E8E08 /* Foundation.framework in Frameworks */ = {isa = PBXBuildFile; fileRef = C679D04519D47619002E8E08 /* Foundation.framework */; };
		C679D04919D476F8002E8E08 /* myFirstVideoEditor-Bridging-Header.m in Sources */ = {isa = PBXBuildFile; fileRef = C679D04819D476F8002E8E08 /* myFirstVideoEditor-Bridging-Header.m */; };
		C691336519D2E09E00C347E5 /* VideoPicker.swift in Sources */ = {isa = PBXBuildFile; fileRef = C691336419D2E09E00C347E5 /* VideoPicker.swift */; };
		C691336719D2F0B700C347E5 /* Model.swift in Sources */ = {isa = PBXBuildFile; fileRef = C691336619D2F0B700C347E5 /* Model.swift */; };
/* End PBXBuildFile section */

/* Begin PBXContainerItemProxy section */
		C66C1BCA19D0471E00847669 /* PBXContainerItemProxy */ = {
			isa = PBXContainerItemProxy;
			containerPortal = C66C1BAC19D0471E00847669 /* Project object */;
			proxyType = 1;
			remoteGlobalIDString = C66C1BB319D0471E00847669;
			remoteInfo = myFirstVideoEdit;
		};
/* End PBXContainerItemProxy section */

/* Begin PBXFileReference section */
		C51292E319D7319C00C65FCB /* CameraRollTableViewController.swift */ = {isa = PBXFileReference; fileEncoding = 4; lastKnownFileType = sourcecode.swift; path = CameraRollTableViewController.swift; sourceTree = "<group>"; };
		C51292E719D73AB800C65FCB /* CameraRollModel.swift */ = {isa = PBXFileReference; fileEncoding = 4; lastKnownFileType = sourcecode.swift; path = CameraRollModel.swift; sourceTree = "<group>"; };
		C51292E919D73AED00C65FCB /* Photos.framework */ = {isa = PBXFileReference; lastKnownFileType = wrapper.framework; name = Photos.framework; path = System/Library/Frameworks/Photos.framework; sourceTree = SDKROOT; };
		C585C32B19D089D500DEF038 /* CoreMedia.framework */ = {isa = PBXFileReference; lastKnownFileType = wrapper.framework; name = CoreMedia.framework; path = System/Library/Frameworks/CoreMedia.framework; sourceTree = SDKROOT; };
		C5AB95D019D83397001291E3 /* CameraRollModelDelegate.swift */ = {isa = PBXFileReference; fileEncoding = 4; lastKnownFileType = sourcecode.swift; path = CameraRollModelDelegate.swift; sourceTree = "<group>"; };
		C601B6CC19D301FA001BF575 /* MovieExporter.swift */ = {isa = PBXFileReference; fileEncoding = 4; lastKnownFileType = sourcecode.swift; path = MovieExporter.swift; sourceTree = "<group>"; };
		C66C1BB419D0471E00847669 /* myFirstVideoEdit.app */ = {isa = PBXFileReference; explicitFileType = wrapper.application; includeInIndex = 0; path = myFirstVideoEdit.app; sourceTree = BUILT_PRODUCTS_DIR; };
		C66C1BB819D0471E00847669 /* Info.plist */ = {isa = PBXFileReference; lastKnownFileType = text.plist.xml; path = Info.plist; sourceTree = "<group>"; };
		C66C1BB919D0471E00847669 /* AppDelegate.swift */ = {isa = PBXFileReference; lastKnownFileType = sourcecode.swift; path = AppDelegate.swift; sourceTree = "<group>"; };
		C66C1BBB19D0471E00847669 /* MainScreenViewController.swift */ = {isa = PBXFileReference; lastKnownFileType = sourcecode.swift; path = MainScreenViewController.swift; sourceTree = "<group>"; };
		C66C1BBE19D0471E00847669 /* Base */ = {isa = PBXFileReference; lastKnownFileType = file.storyboard; name = Base; path = Base.lproj/Main.storyboard; sourceTree = "<group>"; };
		C66C1BC019D0471E00847669 /* Images.xcassets */ = {isa = PBXFileReference; lastKnownFileType = folder.assetcatalog; path = Images.xcassets; sourceTree = "<group>"; };
		C66C1BC319D0471E00847669 /* Base */ = {isa = PBXFileReference; lastKnownFileType = file.xib; name = Base; path = Base.lproj/LaunchScreen.xib; sourceTree = "<group>"; };
		C66C1BC919D0471E00847669 /* myFirstVideoEditTests.xctest */ = {isa = PBXFileReference; explicitFileType = wrapper.cfbundle; includeInIndex = 0; path = myFirstVideoEditTests.xctest; sourceTree = BUILT_PRODUCTS_DIR; };
		C66C1BCE19D0471E00847669 /* Info.plist */ = {isa = PBXFileReference; lastKnownFileType = text.plist.xml; path = Info.plist; sourceTree = "<group>"; };
		C66C1BCF19D0471E00847669 /* myFirstVideoEditTests.swift */ = {isa = PBXFileReference; lastKnownFileType = sourcecode.swift; path = myFirstVideoEditTests.swift; sourceTree = "<group>"; };
		C66C1BD919D049F600847669 /* AVFoundation.framework */ = {isa = PBXFileReference; lastKnownFileType = wrapper.framework; name = AVFoundation.framework; path = System/Library/Frameworks/AVFoundation.framework; sourceTree = SDKROOT; };
		C66C1BDB19D04A1300847669 /* UIKit.framework */ = {isa = PBXFileReference; lastKnownFileType = wrapper.framework; name = UIKit.framework; path = System/Library/Frameworks/UIKit.framework; sourceTree = SDKROOT; };
		C66C1BDF19D06A1C00847669 /* MediaPlayer.framework */ = {isa = PBXFileReference; lastKnownFileType = wrapper.framework; name = MediaPlayer.framework; path = System/Library/Frameworks/MediaPlayer.framework; sourceTree = SDKROOT; };
		C679D02919D47523002E8E08 /* APLCustomVideoCompositionInstruction.h */ = {isa = PBXFileReference; fileEncoding = 4; lastKnownFileType = sourcecode.c.h; path = APLCustomVideoCompositionInstruction.h; sourceTree = "<group>"; };
		C679D02A19D47523002E8E08 /* APLCustomVideoCompositionInstruction.m */ = {isa = PBXFileReference; fileEncoding = 4; lastKnownFileType = sourcecode.c.objc; path = APLCustomVideoCompositionInstruction.m; sourceTree = "<group>"; };
		C679D02B19D47523002E8E08 /* APLCustomVideoCompositor.h */ = {isa = PBXFileReference; fileEncoding = 4; lastKnownFileType = sourcecode.c.h; path = APLCustomVideoCompositor.h; sourceTree = "<group>"; };
		C679D02C19D47523002E8E08 /* APLCustomVideoCompositor.m */ = {isa = PBXFileReference; fileEncoding = 4; lastKnownFileType = sourcecode.c.objc; path = APLCustomVideoCompositor.m; sourceTree = "<group>"; };
		C679D03019D4755B002E8E08 /* APLOpenGLRenderer.h */ = {isa = PBXFileReference; fileEncoding = 4; lastKnownFileType = sourcecode.c.h; path = APLOpenGLRenderer.h; sourceTree = "<group>"; };
		C679D03119D4755B002E8E08 /* APLOpenGLRenderer.m */ = {isa = PBXFileReference; fileEncoding = 4; lastKnownFileType = sourcecode.c.objc; path = APLOpenGLRenderer.m; sourceTree = "<group>"; };
		C679D03219D4755B002E8E08 /* APLDiagonalWipeRenderer.h */ = {isa = PBXFileReference; fileEncoding = 4; lastKnownFileType = sourcecode.c.h; path = APLDiagonalWipeRenderer.h; sourceTree = "<group>"; };
		C679D03319D4755B002E8E08 /* APLDiagonalWipeRenderer.m */ = {isa = PBXFileReference; fileEncoding = 4; lastKnownFileType = sourcecode.c.objc; path = APLDiagonalWipeRenderer.m; sourceTree = "<group>"; };
		C679D03419D4755B002E8E08 /* APLCrossDissolveRenderer.h */ = {isa = PBXFileReference; fileEncoding = 4; lastKnownFileType = sourcecode.c.h; path = APLCrossDissolveRenderer.h; sourceTree = "<group>"; };
		C679D03519D4755B002E8E08 /* APLCrossDissolveRenderer.m */ = {isa = PBXFileReference; fileEncoding = 4; lastKnownFileType = sourcecode.c.objc; path = APLCrossDissolveRenderer.m; sourceTree = "<group>"; };
		C679D03919D475A9002E8E08 /* OpenGLES.framework */ = {isa = PBXFileReference; lastKnownFileType = wrapper.framework; name = OpenGLES.framework; path = System/Library/Frameworks/OpenGLES.framework; sourceTree = SDKROOT; };
		C679D03B19D475DD002E8E08 /* MobileCoreServices.framework */ = {isa = PBXFileReference; lastKnownFileType = wrapper.framework; name = MobileCoreServices.framework; path = System/Library/Frameworks/MobileCoreServices.framework; sourceTree = SDKROOT; };
		C679D03D19D475E5002E8E08 /* AssetsLibrary.framework */ = {isa = PBXFileReference; lastKnownFileType = wrapper.framework; name = AssetsLibrary.framework; path = System/Library/Frameworks/AssetsLibrary.framework; sourceTree = SDKROOT; };
		C679D03F19D475F2002E8E08 /* QuartzCore.framework */ = {isa = PBXFileReference; lastKnownFileType = wrapper.framework; name = QuartzCore.framework; path = System/Library/Frameworks/QuartzCore.framework; sourceTree = SDKROOT; };
		C679D04119D475FB002E8E08 /* CoreVideo.framework */ = {isa = PBXFileReference; lastKnownFileType = wrapper.framework; name = CoreVideo.framework; path = System/Library/Frameworks/CoreVideo.framework; sourceTree = SDKROOT; };
		C679D04319D47607002E8E08 /* CoreGraphics.framework */ = {isa = PBXFileReference; lastKnownFileType = wrapper.framework; name = CoreGraphics.framework; path = System/Library/Frameworks/CoreGraphics.framework; sourceTree = SDKROOT; };
		C679D04519D47619002E8E08 /* Foundation.framework */ = {isa = PBXFileReference; lastKnownFileType = wrapper.framework; name = Foundation.framework; path = System/Library/Frameworks/Foundation.framework; sourceTree = SDKROOT; };
		C679D04819D476F8002E8E08 /* myFirstVideoEditor-Bridging-Header.m */ = {isa = PBXFileReference; fileEncoding = 4; lastKnownFileType = sourcecode.c.objc; path = "myFirstVideoEditor-Bridging-Header.m"; sourceTree = "<group>"; };
		C691336419D2E09E00C347E5 /* VideoPicker.swift */ = {isa = PBXFileReference; fileEncoding = 4; lastKnownFileType = sourcecode.swift; path = VideoPicker.swift; sourceTree = "<group>"; };
		C691336619D2F0B700C347E5 /* Model.swift */ = {isa = PBXFileReference; fileEncoding = 4; lastKnownFileType = sourcecode.swift; path = Model.swift; sourceTree = "<group>"; };
/* End PBXFileReference section */

/* Begin PBXFrameworksBuildPhase section */
		C66C1BB119D0471E00847669 /* Frameworks */ = {
			isa = PBXFrameworksBuildPhase;
			buildActionMask = 2147483647;
			files = (
				C51292EA19D73AED00C65FCB /* Photos.framework in Frameworks */,
				C679D04419D47607002E8E08 /* CoreGraphics.framework in Frameworks */,
				C679D04019D475F2002E8E08 /* QuartzCore.framework in Frameworks */,
				C66C1BDA19D049F600847669 /* AVFoundation.framework in Frameworks */,
				C585C32C19D089D500DEF038 /* CoreMedia.framework in Frameworks */,
				C679D04619D47619002E8E08 /* Foundation.framework in Frameworks */,
				C679D04219D475FB002E8E08 /* CoreVideo.framework in Frameworks */,
				C679D03E19D475E5002E8E08 /* AssetsLibrary.framework in Frameworks */,
				C679D03C19D475DD002E8E08 /* MobileCoreServices.framework in Frameworks */,
				C679D03A19D475A9002E8E08 /* OpenGLES.framework in Frameworks */,
				C66C1BDC19D04A1300847669 /* UIKit.framework in Frameworks */,
			);
			runOnlyForDeploymentPostprocessing = 0;
		};
		C66C1BC619D0471E00847669 /* Frameworks */ = {
			isa = PBXFrameworksBuildPhase;
			buildActionMask = 2147483647;
			files = (
			);
			runOnlyForDeploymentPostprocessing = 0;
		};
/* End PBXFrameworksBuildPhase section */

/* Begin PBXGroup section */
		C51292E219D72FC800C65FCB /* CameraRoleBrowser */ = {
			isa = PBXGroup;
			children = (
				C51292E319D7319C00C65FCB /* CameraRollTableViewController.swift */,
				C51292E719D73AB800C65FCB /* CameraRollModel.swift */,
				C5AB95D019D83397001291E3 /* CameraRollModelDelegate.swift */,
			);
			name = CameraRoleBrowser;
			sourceTree = "<group>";
		};
		C66C1BAB19D0471E00847669 = {
			isa = PBXGroup;
			children = (
				C679D04719D476A8002E8E08 /* Frameworks */,
				C66C1BB619D0471E00847669 /* myFirstVideoEdit */,
				C66C1BCC19D0471E00847669 /* myFirstVideoEditTests */,
				C66C1BB519D0471E00847669 /* Products */,
			);
			sourceTree = "<group>";
		};
		C66C1BB519D0471E00847669 /* Products */ = {
			isa = PBXGroup;
			children = (
				C66C1BB419D0471E00847669 /* myFirstVideoEdit.app */,
				C66C1BC919D0471E00847669 /* myFirstVideoEditTests.xctest */,
			);
			name = Products;
			sourceTree = "<group>";
		};
		C66C1BB619D0471E00847669 /* myFirstVideoEdit */ = {
			isa = PBXGroup;
			children = (
				C66C1BBD19D0471E00847669 /* Main.storyboard */,
				C51292E219D72FC800C65FCB /* CameraRoleBrowser */,
				C682444219D4712900BA19D1 /* APLCustomCompositors */,
				C66C1BB919D0471E00847669 /* AppDelegate.swift */,
				C66C1BBB19D0471E00847669 /* MainScreenViewController.swift */,
				C691336419D2E09E00C347E5 /* VideoPicker.swift */,
				C601B6CC19D301FA001BF575 /* MovieExporter.swift */,
				C691336619D2F0B700C347E5 /* Model.swift */,
				C66C1BC019D0471E00847669 /* Images.xcassets */,
				C66C1BC219D0471E00847669 /* LaunchScreen.xib */,
				C66C1BB719D0471E00847669 /* Supporting Files */,
				C679D04819D476F8002E8E08 /* myFirstVideoEditor-Bridging-Header.m */,
			);
			path = myFirstVideoEdit;
			sourceTree = "<group>";
		};
		C66C1BB719D0471E00847669 /* Supporting Files */ = {
			isa = PBXGroup;
			children = (
				C66C1BB819D0471E00847669 /* Info.plist */,
			);
			name = "Supporting Files";
			sourceTree = "<group>";
		};
		C66C1BCC19D0471E00847669 /* myFirstVideoEditTests */ = {
			isa = PBXGroup;
			children = (
				C66C1BCF19D0471E00847669 /* myFirstVideoEditTests.swift */,
				C66C1BCD19D0471E00847669 /* Supporting Files */,
			);
			path = myFirstVideoEditTests;
			sourceTree = "<group>";
		};
		C66C1BCD19D0471E00847669 /* Supporting Files */ = {
			isa = PBXGroup;
			children = (
				C66C1BCE19D0471E00847669 /* Info.plist */,
			);
			name = "Supporting Files";
			sourceTree = "<group>";
		};
		C679D02F19D47537002E8E08 /* APLOPenGLRenderers */ = {
			isa = PBXGroup;
			children = (
				C679D03019D4755B002E8E08 /* APLOpenGLRenderer.h */,
				C679D03119D4755B002E8E08 /* APLOpenGLRenderer.m */,
				C679D03219D4755B002E8E08 /* APLDiagonalWipeRenderer.h */,
				C679D03319D4755B002E8E08 /* APLDiagonalWipeRenderer.m */,
				C679D03419D4755B002E8E08 /* APLCrossDissolveRenderer.h */,
				C679D03519D4755B002E8E08 /* APLCrossDissolveRenderer.m */,
			);
			name = APLOPenGLRenderers;
			sourceTree = "<group>";
		};
		C679D04719D476A8002E8E08 /* Frameworks */ = {
			isa = PBXGroup;
			children = (
				C51292E919D73AED00C65FCB /* Photos.framework */,
				C679D04519D47619002E8E08 /* Foundation.framework */,
				C679D04319D47607002E8E08 /* CoreGraphics.framework */,
				C679D04119D475FB002E8E08 /* CoreVideo.framework */,
				C679D03F19D475F2002E8E08 /* QuartzCore.framework */,
				C679D03D19D475E5002E8E08 /* AssetsLibrary.framework */,
				C679D03B19D475DD002E8E08 /* MobileCoreServices.framework */,
				C679D03919D475A9002E8E08 /* OpenGLES.framework */,
				C585C32B19D089D500DEF038 /* CoreMedia.framework */,
				C66C1BDF19D06A1C00847669 /* MediaPlayer.framework */,
				C66C1BDB19D04A1300847669 /* UIKit.framework */,
				C66C1BD919D049F600847669 /* AVFoundation.framework */,
			);
			name = Frameworks;
			sourceTree = "<group>";
		};
		C682444219D4712900BA19D1 /* APLCustomCompositors */ = {
			isa = PBXGroup;
			children = (
				C679D02F19D47537002E8E08 /* APLOPenGLRenderers */,
				C679D02919D47523002E8E08 /* APLCustomVideoCompositionInstruction.h */,
				C679D02A19D47523002E8E08 /* APLCustomVideoCompositionInstruction.m */,
				C679D02B19D47523002E8E08 /* APLCustomVideoCompositor.h */,
				C679D02C19D47523002E8E08 /* APLCustomVideoCompositor.m */,
			);
			name = APLCustomCompositors;
			sourceTree = "<group>";
		};
/* End PBXGroup section */

/* Begin PBXNativeTarget section */
		C66C1BB319D0471E00847669 /* myFirstVideoEdit */ = {
			isa = PBXNativeTarget;
			buildConfigurationList = C66C1BD319D0471E00847669 /* Build configuration list for PBXNativeTarget "myFirstVideoEdit" */;
			buildPhases = (
				C66C1BB019D0471E00847669 /* Sources */,
				C66C1BB119D0471E00847669 /* Frameworks */,
				C66C1BB219D0471E00847669 /* Resources */,
			);
			buildRules = (
			);
			dependencies = (
			);
			name = myFirstVideoEdit;
			productName = myFirstVideoEdit;
			productReference = C66C1BB419D0471E00847669 /* myFirstVideoEdit.app */;
			productType = "com.apple.product-type.application";
		};
		C66C1BC819D0471E00847669 /* myFirstVideoEditTests */ = {
			isa = PBXNativeTarget;
			buildConfigurationList = C66C1BD619D0471E00847669 /* Build configuration list for PBXNativeTarget "myFirstVideoEditTests" */;
			buildPhases = (
				C66C1BC519D0471E00847669 /* Sources */,
				C66C1BC619D0471E00847669 /* Frameworks */,
				C66C1BC719D0471E00847669 /* Resources */,
			);
			buildRules = (
			);
			dependencies = (
				C66C1BCB19D0471E00847669 /* PBXTargetDependency */,
			);
			name = myFirstVideoEditTests;
			productName = myFirstVideoEditTests;
			productReference = C66C1BC919D0471E00847669 /* myFirstVideoEditTests.xctest */;
			productType = "com.apple.product-type.bundle.unit-test";
		};
/* End PBXNativeTarget section */

/* Begin PBXProject section */
		C66C1BAC19D0471E00847669 /* Project object */ = {
			isa = PBXProject;
			attributes = {
				LastUpgradeCheck = 0600;
				ORGANIZATIONNAME = "Guido Grassel";
				TargetAttributes = {
					C66C1BB319D0471E00847669 = {
						CreatedOnToolsVersion = 6.0;
						DevelopmentTeam = S3Z99XN2Q3;
					};
					C66C1BC819D0471E00847669 = {
						CreatedOnToolsVersion = 6.0;
						TestTargetID = C66C1BB319D0471E00847669;
					};
				};
			};
			buildConfigurationList = C66C1BAF19D0471E00847669 /* Build configuration list for PBXProject "myFirstVideoEdit" */;
			compatibilityVersion = "Xcode 3.2";
			developmentRegion = English;
			hasScannedForEncodings = 0;
			knownRegions = (
				en,
				Base,
			);
			mainGroup = C66C1BAB19D0471E00847669;
			productRefGroup = C66C1BB519D0471E00847669 /* Products */;
			projectDirPath = "";
			projectRoot = "";
			targets = (
				C66C1BB319D0471E00847669 /* myFirstVideoEdit */,
				C66C1BC819D0471E00847669 /* myFirstVideoEditTests */,
			);
		};
/* End PBXProject section */

/* Begin PBXResourcesBuildPhase section */
		C66C1BB219D0471E00847669 /* Resources */ = {
			isa = PBXResourcesBuildPhase;
			buildActionMask = 2147483647;
			files = (
				C66C1BBF19D0471E00847669 /* Main.storyboard in Resources */,
				C66C1BC419D0471E00847669 /* LaunchScreen.xib in Resources */,
				C66C1BC119D0471E00847669 /* Images.xcassets in Resources */,
			);
			runOnlyForDeploymentPostprocessing = 0;
		};
		C66C1BC719D0471E00847669 /* Resources */ = {
			isa = PBXResourcesBuildPhase;
			buildActionMask = 2147483647;
			files = (
			);
			runOnlyForDeploymentPostprocessing = 0;
		};
/* End PBXResourcesBuildPhase section */

/* Begin PBXSourcesBuildPhase section */
		C66C1BB019D0471E00847669 /* Sources */ = {
			isa = PBXSourcesBuildPhase;
			buildActionMask = 2147483647;
			files = (
				C679D02D19D47523002E8E08 /* APLCustomVideoCompositionInstruction.m in Sources */,
				C691336519D2E09E00C347E5 /* VideoPicker.swift in Sources */,
				C601B6CD19D301FA001BF575 /* MovieExporter.swift in Sources */,
				C5AB95D119D83397001291E3 /* CameraRollModelDelegate.swift in Sources */,
				C66C1BBC19D0471E00847669 /* MainScreenViewController.swift in Sources */,
				C679D03819D4755B002E8E08 /* APLCrossDissolveRenderer.m in Sources */,
				C51292E819D73AB800C65FCB /* CameraRollModel.swift in Sources */,
				C679D04919D476F8002E8E08 /* myFirstVideoEditor-Bridging-Header.m in Sources */,
				C66C1BBA19D0471E00847669 /* AppDelegate.swift in Sources */,
				C51292E419D7319C00C65FCB /* CameraRollTableViewController.swift in Sources */,
				C679D02E19D47523002E8E08 /* APLCustomVideoCompositor.m in Sources */,
				C691336719D2F0B700C347E5 /* Model.swift in Sources */,
				C679D03619D4755B002E8E08 /* APLOpenGLRenderer.m in Sources */,
				C679D03719D4755B002E8E08 /* APLDiagonalWipeRenderer.m in Sources */,
			);
			runOnlyForDeploymentPostprocessing = 0;
		};
		C66C1BC519D0471E00847669 /* Sources */ = {
			isa = PBXSourcesBuildPhase;
			buildActionMask = 2147483647;
			files = (
				C66C1BD019D0471E00847669 /* myFirstVideoEditTests.swift in Sources */,
				C5AB95CF19D82962001291E3 /* CameraRollTableViewController.swift in Sources */,
				C5AB95D219D83397001291E3 /* CameraRollModelDelegate.swift in Sources */,
				C59D36E019D7FB1400545F0B /* CameraRollModel.swift in Sources */,
			);
			runOnlyForDeploymentPostprocessing = 0;
		};
/* End PBXSourcesBuildPhase section */

/* Begin PBXTargetDependency section */
		C66C1BCB19D0471E00847669 /* PBXTargetDependency */ = {
			isa = PBXTargetDependency;
			target = C66C1BB319D0471E00847669 /* myFirstVideoEdit */;
			targetProxy = C66C1BCA19D0471E00847669 /* PBXContainerItemProxy */;
		};
/* End PBXTargetDependency section */

/* Begin PBXVariantGroup section */
		C66C1BBD19D0471E00847669 /* Main.storyboard */ = {
			isa = PBXVariantGroup;
			children = (
				C66C1BBE19D0471E00847669 /* Base */,
			);
			name = Main.storyboard;
			sourceTree = "<group>";
		};
		C66C1BC219D0471E00847669 /* LaunchScreen.xib */ = {
			isa = PBXVariantGroup;
			children = (
				C66C1BC319D0471E00847669 /* Base */,
			);
			name = LaunchScreen.xib;
			sourceTree = "<group>";
		};
/* End PBXVariantGroup section */

/* Begin XCBuildConfiguration section */
		C66C1BD119D0471E00847669 /* Debug */ = {
			isa = XCBuildConfiguration;
			buildSettings = {
				ALWAYS_SEARCH_USER_PATHS = NO;
				CLANG_CXX_LANGUAGE_STANDARD = "gnu++0x";
				CLANG_CXX_LIBRARY = "libc++";
				CLANG_ENABLE_MODULES = YES;
				CLANG_ENABLE_OBJC_ARC = YES;
				CLANG_WARN_BOOL_CONVERSION = YES;
				CLANG_WARN_CONSTANT_CONVERSION = YES;
				CLANG_WARN_DIRECT_OBJC_ISA_USAGE = YES_ERROR;
				CLANG_WARN_EMPTY_BODY = YES;
				CLANG_WARN_ENUM_CONVERSION = YES;
				CLANG_WARN_INT_CONVERSION = YES;
				CLANG_WARN_OBJC_ROOT_CLASS = YES_ERROR;
				CLANG_WARN_UNREACHABLE_CODE = YES;
				CLANG_WARN__DUPLICATE_METHOD_MATCH = YES;
				"CODE_SIGN_IDENTITY[sdk=iphoneos*]" = "iPhone Developer";
				COPY_PHASE_STRIP = NO;
				ENABLE_STRICT_OBJC_MSGSEND = YES;
				GCC_C_LANGUAGE_STANDARD = gnu99;
				GCC_DYNAMIC_NO_PIC = NO;
				GCC_OPTIMIZATION_LEVEL = 0;
				GCC_PREPROCESSOR_DEFINITIONS = (
					"DEBUG=1",
					"$(inherited)",
				);
				GCC_SYMBOLS_PRIVATE_EXTERN = NO;
				GCC_WARN_64_TO_32_BIT_CONVERSION = YES;
				GCC_WARN_ABOUT_RETURN_TYPE = YES_ERROR;
				GCC_WARN_UNDECLARED_SELECTOR = YES;
				GCC_WARN_UNINITIALIZED_AUTOS = YES_AGGRESSIVE;
				GCC_WARN_UNUSED_FUNCTION = YES;
				GCC_WARN_UNUSED_VARIABLE = YES;
				IPHONEOS_DEPLOYMENT_TARGET = 8.0;
				MTL_ENABLE_DEBUG_INFO = YES;
				ONLY_ACTIVE_ARCH = YES;
				SDKROOT = iphoneos;
				SWIFT_OPTIMIZATION_LEVEL = "-Onone";
				TARGETED_DEVICE_FAMILY = "1,2";
			};
			name = Debug;
		};
		C66C1BD219D0471E00847669 /* Release */ = {
			isa = XCBuildConfiguration;
			buildSettings = {
				ALWAYS_SEARCH_USER_PATHS = NO;
				CLANG_CXX_LANGUAGE_STANDARD = "gnu++0x";
				CLANG_CXX_LIBRARY = "libc++";
				CLANG_ENABLE_MODULES = YES;
				CLANG_ENABLE_OBJC_ARC = YES;
				CLANG_WARN_BOOL_CONVERSION = YES;
				CLANG_WARN_CONSTANT_CONVERSION = YES;
				CLANG_WARN_DIRECT_OBJC_ISA_USAGE = YES_ERROR;
				CLANG_WARN_EMPTY_BODY = YES;
				CLANG_WARN_ENUM_CONVERSION = YES;
				CLANG_WARN_INT_CONVERSION = YES;
				CLANG_WARN_OBJC_ROOT_CLASS = YES_ERROR;
				CLANG_WARN_UNREACHABLE_CODE = YES;
				CLANG_WARN__DUPLICATE_METHOD_MATCH = YES;
				"CODE_SIGN_IDENTITY[sdk=iphoneos*]" = "iPhone Developer";
				COPY_PHASE_STRIP = YES;
				ENABLE_NS_ASSERTIONS = NO;
				ENABLE_STRICT_OBJC_MSGSEND = YES;
				GCC_C_LANGUAGE_STANDARD = gnu99;
				GCC_WARN_64_TO_32_BIT_CONVERSION = YES;
				GCC_WARN_ABOUT_RETURN_TYPE = YES_ERROR;
				GCC_WARN_UNDECLARED_SELECTOR = YES;
				GCC_WARN_UNINITIALIZED_AUTOS = YES_AGGRESSIVE;
				GCC_WARN_UNUSED_FUNCTION = YES;
				GCC_WARN_UNUSED_VARIABLE = YES;
				IPHONEOS_DEPLOYMENT_TARGET = 8.0;
				MTL_ENABLE_DEBUG_INFO = NO;
				SDKROOT = iphoneos;
				TARGETED_DEVICE_FAMILY = "1,2";
				VALIDATE_PRODUCT = YES;
			};
			name = Release;
		};
		C66C1BD419D0471E00847669 /* Debug */ = {
			isa = XCBuildConfiguration;
			buildSettings = {
				ASSETCATALOG_COMPILER_APPICON_NAME = AppIcon;
				CODE_SIGN_IDENTITY = "iPhone Developer";
				"CODE_SIGN_IDENTITY[sdk=iphoneos*]" = "iPhone Developer";
				INFOPLIST_FILE = myFirstVideoEdit/Info.plist;
				LD_RUNPATH_SEARCH_PATHS = "$(inherited) @executable_path/Frameworks";
				PRODUCT_NAME = "$(TARGET_NAME)";
				PROVISIONING_PROFILE = "";
				SWIFT_OBJC_BRIDGING_HEADER = "/Users/guido/iOSProjects/myFirstVideoEditor/myFirstVideoEdit/myFirstVideoEditor-Bridging-Header.m";
				TARGETED_DEVICE_FAMILY = 1;
			};
			name = Debug;
		};
		C66C1BD519D0471E00847669 /* Release */ = {
			isa = XCBuildConfiguration;
			buildSettings = {
				ASSETCATALOG_COMPILER_APPICON_NAME = AppIcon;
				CODE_SIGN_IDENTITY = "iPhone Developer";
				"CODE_SIGN_IDENTITY[sdk=iphoneos*]" = "iPhone Developer";
				INFOPLIST_FILE = myFirstVideoEdit/Info.plist;
				LD_RUNPATH_SEARCH_PATHS = "$(inherited) @executable_path/Frameworks";
				PRODUCT_NAME = "$(TARGET_NAME)";
				PROVISIONING_PROFILE = "";
				SWIFT_OBJC_BRIDGING_HEADER = "/Users/guido/iOSProjects/myFirstVideoEditor/myFirstVideoEdit/myFirstVideoEditor-Bridging-Header.m";
				TARGETED_DEVICE_FAMILY = 1;
			};
			name = Release;
		};
		C66C1BD719D0471E00847669 /* Debug */ = {
			isa = XCBuildConfiguration;
			buildSettings = {
				BUNDLE_LOADER = "$(TEST_HOST)";
				FRAMEWORK_SEARCH_PATHS = (
					"$(SDKROOT)/Developer/Library/Frameworks",
					"$(inherited)",
				);
				GCC_PREPROCESSOR_DEFINITIONS = (
					"DEBUG=1",
					"$(inherited)",
				);
				INFOPLIST_FILE = myFirstVideoEditTests/Info.plist;
				LD_RUNPATH_SEARCH_PATHS = "$(inherited) @executable_path/Frameworks @loader_path/Frameworks";
				PRODUCT_NAME = "$(TARGET_NAME)";
				TEST_HOST = "$(BUILT_PRODUCTS_DIR)/myFirstVideoEdit.app/myFirstVideoEdit";
			};
			name = Debug;
		};
		C66C1BD819D0471E00847669 /* Release */ = {
			isa = XCBuildConfiguration;
			buildSettings = {
				BUNDLE_LOADER = "$(TEST_HOST)";
				FRAMEWORK_SEARCH_PATHS = (
					"$(SDKROOT)/Developer/Library/Frameworks",
					"$(inherited)",
				);
				INFOPLIST_FILE = myFirstVideoEditTests/Info.plist;
				LD_RUNPATH_SEARCH_PATHS = "$(inherited) @executable_path/Frameworks @loader_path/Frameworks";
				PRODUCT_NAME = "$(TARGET_NAME)";
				TEST_HOST = "$(BUILT_PRODUCTS_DIR)/myFirstVideoEdit.app/myFirstVideoEdit";
			};
			name = Release;
		};
/* End XCBuildConfiguration section */

/* Begin XCConfigurationList section */
		C66C1BAF19D0471E00847669 /* Build configuration list for PBXProject "myFirstVideoEdit" */ = {
			isa = XCConfigurationList;
			buildConfigurations = (
				C66C1BD119D0471E00847669 /* Debug */,
				C66C1BD219D0471E00847669 /* Release */,
			);
			defaultConfigurationIsVisible = 0;
			defaultConfigurationName = Release;
		};
		C66C1BD319D0471E00847669 /* Build configuration list for PBXNativeTarget "myFirstVideoEdit" */ = {
			isa = XCConfigurationList;
			buildConfigurations = (
				C66C1BD419D0471E00847669 /* Debug */,
				C66C1BD519D0471E00847669 /* Release */,
			);
			defaultConfigurationIsVisible = 0;
			defaultConfigurationName = Release;
		};
		C66C1BD619D0471E00847669 /* Build configuration list for PBXNativeTarget "myFirstVideoEditTests" */ = {
			isa = XCConfigurationList;
			buildConfigurations = (
				C66C1BD719D0471E00847669 /* Debug */,
				C66C1BD819D0471E00847669 /* Release */,
			);
			defaultConfigurationIsVisible = 0;
			defaultConfigurationName = Release;
		};
/* End XCConfigurationList section */
	};
	rootObject = C66C1BAC19D0471E00847669 /* Project object */;
}
